
Microsoft Visual Studio Solution File, Format Version 12.00
# Visual Studio 2015
Project("{FAE04EC0-301F-11D3-BF4B-00C04F79EFBC}") = "AOE Clone", "AOE Clone.csproj", "{4F6BDA66-E38E-E8DF-5915-FE83B028BB6E}"
EndProject
Project("{FAE04EC0-301F-11D3-BF4B-00C04F79EFBC}") = "AOE Clone.Editor", "AOE Clone.Editor.csproj", "{6AF32685-5276-D7FA-F8B1-ECDC4B78EBB0}"
EndProject
Global
	GlobalSection(SolutionConfigurationPlatforms) = preSolution
		Debug|Any CPU = Debug|Any CPU
		Release|Any CPU = Release|Any CPU
	EndGlobalSection
	GlobalSection(ProjectConfigurationPlatforms) = postSolution
		{4F6BDA66-E38E-E8DF-5915-FE83B028BB6E}.Debug|Any CPU.ActiveCfg = Debug|Any CPU
		{4F6BDA66-E38E-E8DF-5915-FE83B028BB6E}.Debug|Any CPU.Build.0 = Debug|Any CPU
		{4F6BDA66-E38E-E8DF-5915-FE83B028BB6E}.Release|Any CPU.ActiveCfg = Release|Any CPU
		{4F6BDA66-E38E-E8DF-5915-FE83B028BB6E}.Release|Any CPU.Build.0 = Release|Any CPU
		{6AF32685-5276-D7FA-F8B1-ECDC4B78EBB0}.Debug|Any CPU.ActiveCfg = Debug|Any CPU
		{6AF32685-5276-D7FA-F8B1-ECDC4B78EBB0}.Debug|Any CPU.Build.0 = Debug|Any CPU
		{6AF32685-5276-D7FA-F8B1-ECDC4B78EBB0}.Release|Any CPU.ActiveCfg = Release|Any CPU
		{6AF32685-5276-D7FA-F8B1-ECDC4B78EBB0}.Release|Any CPU.Build.0 = Release|Any CPU
	EndGlobalSection
	GlobalSection(SolutionProperties) = preSolution
		HideSolutionNode = FALSE
	EndGlobalSection
EndGlobal
